
Microsoft Visual Studio Solution File, Format Version 12.00
# Visual Studio Version 16
VisualStudioVersion = 16.0.30011.22
MinimumVisualStudioVersion = 10.0.40219.1
Project("{FAE04EC0-301F-11D3-BF4B-00C04F79EFBC}") = "WSVenta", "WSVenta.csproj", "{32D54534-F1CD-4BB1-900F-73AC9CB17F47}"
EndProject
Global
	GlobalSection(SolutionConfigurationPlatforms) = preSolution
		Debug|Any CPU = Debug|Any CPU
		Release|Any CPU = Release|Any CPU
	EndGlobalSection
	GlobalSection(ProjectConfigurationPlatforms) = postSolution
		{32D54534-F1CD-4BB1-900F-73AC9CB17F47}.Debug|Any CPU.ActiveCfg = Debug|Any CPU
		{32D54534-F1CD-4BB1-900F-73AC9CB17F47}.Debug|Any CPU.Build.0 = Debug|Any CPU
		{32D54534-F1CD-4BB1-900F-73AC9CB17F47}.Release|Any CPU.ActiveCfg = Release|Any CPU
		{32D54534-F1CD-4BB1-900F-73AC9CB17F47}.Release|Any CPU.Build.0 = Release|Any CPU
	EndGlobalSection
	GlobalSection(SolutionProperties) = preSolution
		HideSolutionNode = FALSE
	EndGlobalSection
	GlobalSection(ExtensibilityGlobals) = postSolution
		SolutionGuid = {0F7556D1-979E-4614-AA99-D1A1FBECDBA0}
	EndGlobalSection
EndGlobal
